// !$*UTF8*$!
{
	archiveVersion = 1;
	classes = {
	};
	objectVersion = 77;
	objects = {

/* Begin PBXBuildFile section */
		610C3A822D7B40D900085DB6 /* ListView.swift in Sources */ = {isa = PBXBuildFile; fileRef = 610C3A812D7B40D900085DB6 /* ListView.swift */; };
		610C3A842D7BB85500085DB6 /* Spot.swift in Sources */ = {isa = PBXBuildFile; fileRef = 610C3A832D7BB85500085DB6 /* Spot.swift */; };
		610C3A862D7BC6CD00085DB6 /* SpotDetailView.swift in Sources */ = {isa = PBXBuildFile; fileRef = 610C3A852D7BC6CD00085DB6 /* SpotDetailView.swift */; };
		610C3A882D7BC83B00085DB6 /* AuxViews.swift in Sources */ = {isa = PBXBuildFile; fileRef = 610C3A872D7BC83B00085DB6 /* AuxViews.swift */; };
		6110D6932D78ACB5007B4254 /* LoginView.swift in Sources */ = {isa = PBXBuildFile; fileRef = 6110D6902D78ACB5007B4254 /* LoginView.swift */; };
		6110D6942D78ACB5007B4254 /* FoodieApp.swift in Sources */ = {isa = PBXBuildFile; fileRef = 6110D6912D78ACB5007B4254 /* FoodieApp.swift */; };
		6110D6952D78ACB5007B4254 /* Preview Assets.xcassets in Resources */ = {isa = PBXBuildFile; fileRef = 6110D68D2D78ACB5007B4254 /* Preview Assets.xcassets */; };
		6110D6962D78ACB5007B4254 /* Assets.xcassets in Resources */ = {isa = PBXBuildFile; fileRef = 6110D68F2D78ACB5007B4254 /* Assets.xcassets */; };
		6110D69A2D78C2DC007B4254 /* FirebaseAuth in Frameworks */ = {isa = PBXBuildFile; productRef = 6110D6992D78C2DC007B4254 /* FirebaseAuth */; };
		6110D69C2D78C2DC007B4254 /* FirebaseFirestore in Frameworks */ = {isa = PBXBuildFile; productRef = 6110D69B2D78C2DC007B4254 /* FirebaseFirestore */; };
		6110D69E2D78C2DC007B4254 /* FirebaseStorage in Frameworks */ = {isa = PBXBuildFile; productRef = 6110D69D2D78C2DC007B4254 /* FirebaseStorage */; };
		6110D6A02D78C34A007B4254 /* GoogleService-Info.plist in Resources */ = {isa = PBXBuildFile; fileRef = 6110D69F2D78C34A007B4254 /* GoogleService-Info.plist */; };
		6127F33F2D81D41E00A98886 /* PhotoView.swift in Sources */ = {isa = PBXBuildFile; fileRef = 6127F33E2D81D41E00A98886 /* PhotoView.swift */; };
		6169C5BA2D7924F0003E948F /* LaunchScreenView.swift in Sources */ = {isa = PBXBuildFile; fileRef = 6169C5B92D7924F0003E948F /* LaunchScreenView.swift */; };
		6169C5BC2D792FEF003E948F /* LaunchScreenManager.swift in Sources */ = {isa = PBXBuildFile; fileRef = 6169C5BB2D792FEF003E948F /* LaunchScreenManager.swift */; };
		619988532D7BF87D00E03E6F /* SpotViewModel.swift in Sources */ = {isa = PBXBuildFile; fileRef = 619988522D7BF87C00E03E6F /* SpotViewModel.swift */; };
/* End PBXBuildFile section */

/* Begin PBXFileReference section */
		610C3A812D7B40D900085DB6 /* ListView.swift */ = {isa = PBXFileReference; lastKnownFileType = sourcecode.swift; path = ListView.swift; sourceTree = "<group>"; };
		610C3A832D7BB85500085DB6 /* Spot.swift */ = {isa = PBXFileReference; lastKnownFileType = sourcecode.swift; path = Spot.swift; sourceTree = "<group>"; };
		610C3A852D7BC6CD00085DB6 /* SpotDetailView.swift */ = {isa = PBXFileReference; lastKnownFileType = sourcecode.swift; path = SpotDetailView.swift; sourceTree = "<group>"; };
		610C3A872D7BC83B00085DB6 /* AuxViews.swift */ = {isa = PBXFileReference; lastKnownFileType = sourcecode.swift; path = AuxViews.swift; sourceTree = "<group>"; };
		6110D67C2D78AC5A007B4254 /* Foodie.app */ = {isa = PBXFileReference; explicitFileType = wrapper.application; includeInIndex = 0; path = Foodie.app; sourceTree = BUILT_PRODUCTS_DIR; };
		6110D68D2D78ACB5007B4254 /* Preview Assets.xcassets */ = {isa = PBXFileReference; lastKnownFileType = folder.assetcatalog; path = "Preview Assets.xcassets"; sourceTree = "<group>"; };
		6110D68F2D78ACB5007B4254 /* Assets.xcassets */ = {isa = PBXFileReference; lastKnownFileType = folder.assetcatalog; path = Assets.xcassets; sourceTree = "<group>"; };
		6110D6902D78ACB5007B4254 /* LoginView.swift */ = {isa = PBXFileReference; lastKnownFileType = sourcecode.swift; path = LoginView.swift; sourceTree = "<group>"; };
		6110D6912D78ACB5007B4254 /* FoodieApp.swift */ = {isa = PBXFileReference; lastKnownFileType = sourcecode.swift; path = FoodieApp.swift; sourceTree = "<group>"; };
		6110D6972D78B0A6007B4254 /* Info.plist */ = {isa = PBXFileReference; lastKnownFileType = text.plist.xml; path = Info.plist; sourceTree = "<group>"; };
		6110D69F2D78C34A007B4254 /* GoogleService-Info.plist */ = {isa = PBXFileReference; lastKnownFileType = text.plist.xml; path = "GoogleService-Info.plist"; sourceTree = "<group>"; };
		6127F33E2D81D41E00A98886 /* PhotoView.swift */ = {isa = PBXFileReference; lastKnownFileType = sourcecode.swift; path = PhotoView.swift; sourceTree = "<group>"; };
		6169C5B92D7924F0003E948F /* LaunchScreenView.swift */ = {isa = PBXFileReference; lastKnownFileType = sourcecode.swift; path = LaunchScreenView.swift; sourceTree = "<group>"; };
		6169C5BB2D792FEF003E948F /* LaunchScreenManager.swift */ = {isa = PBXFileReference; lastKnownFileType = sourcecode.swift; path = LaunchScreenManager.swift; sourceTree = "<group>"; };
		619988522D7BF87C00E03E6F /* SpotViewModel.swift */ = {isa = PBXFileReference; lastKnownFileType = sourcecode.swift; path = SpotViewModel.swift; sourceTree = "<group>"; };
/* End PBXFileReference section */

/* Begin PBXFrameworksBuildPhase section */
		6110D6792D78AC5A007B4254 /* Frameworks */ = {
			isa = PBXFrameworksBuildPhase;
			buildActionMask = 2147483647;
			files = (
				6110D69A2D78C2DC007B4254 /* FirebaseAuth in Frameworks */,
				6110D69C2D78C2DC007B4254 /* FirebaseFirestore in Frameworks */,
				6110D69E2D78C2DC007B4254 /* FirebaseStorage in Frameworks */,
			);
			runOnlyForDeploymentPostprocessing = 0;
		};
/* End PBXFrameworksBuildPhase section */

/* Begin PBXGroup section */
		6110D6732D78AC5A007B4254 = {
			isa = PBXGroup;
			children = (
				6110D6922D78ACB5007B4254 /* Foodie */,
				6110D67D2D78AC5A007B4254 /* Products */,
			);
			sourceTree = "<group>";
		};
		6110D67D2D78AC5A007B4254 /* Products */ = {
			isa = PBXGroup;
			children = (
				6110D67C2D78AC5A007B4254 /* Foodie.app */,
			);
			name = Products;
			sourceTree = "<group>";
		};
		6110D68E2D78ACB5007B4254 /* Preview Content */ = {
			isa = PBXGroup;
			children = (
				6110D68D2D78ACB5007B4254 /* Preview Assets.xcassets */,
			);
			path = "Preview Content";
			sourceTree = "<group>";
		};
		6110D6922D78ACB5007B4254 /* Foodie */ = {
			isa = PBXGroup;
			children = (
				6110D6912D78ACB5007B4254 /* FoodieApp.swift */,
				6127F33B2D81D24A00A98886 /* ViewModel */,
				6127F33C2D81D25600A98886 /* Model */,
				6127F33D2D81D25F00A98886 /* Views */,
				6169C5BD2D793000003E948F /* LaunchScreen */,
				6110D68F2D78ACB5007B4254 /* Assets.xcassets */,
				6110D6972D78B0A6007B4254 /* Info.plist */,
				6110D69F2D78C34A007B4254 /* GoogleService-Info.plist */,
				6110D68E2D78ACB5007B4254 /* Preview Content */,
			);
			path = Foodie;
			sourceTree = "<group>";
		};
		6127F33B2D81D24A00A98886 /* ViewModel */ = {
			isa = PBXGroup;
			children = (
				619988522D7BF87C00E03E6F /* SpotViewModel.swift */,
			);
			path = ViewModel;
			sourceTree = "<group>";
		};
		6127F33C2D81D25600A98886 /* Model */ = {
			isa = PBXGroup;
			children = (
				610C3A832D7BB85500085DB6 /* Spot.swift */,
			);
			path = Model;
			sourceTree = "<group>";
		};
		6127F33D2D81D25F00A98886 /* Views */ = {
			isa = PBXGroup;
			children = (
				6110D6902D78ACB5007B4254 /* LoginView.swift */,
				610C3A812D7B40D900085DB6 /* ListView.swift */,
				610C3A852D7BC6CD00085DB6 /* SpotDetailView.swift */,
				6127F33E2D81D41E00A98886 /* PhotoView.swift */,
				610C3A872D7BC83B00085DB6 /* AuxViews.swift */,
			);
			path = Views;
			sourceTree = "<group>";
		};
		6169C5BD2D793000003E948F /* LaunchScreen */ = {
			isa = PBXGroup;
			children = (
				6169C5B92D7924F0003E948F /* LaunchScreenView.swift */,
				6169C5BB2D792FEF003E948F /* LaunchScreenManager.swift */,
			);
			path = LaunchScreen;
			sourceTree = "<group>";
		};
/* End PBXGroup section */

/* Begin PBXNativeTarget section */
		6110D67B2D78AC5A007B4254 /* Foodie */ = {
			isa = PBXNativeTarget;
			buildConfigurationList = 6110D68A2D78AC5D007B4254 /* Build configuration list for PBXNativeTarget "Foodie" */;
			buildPhases = (
				6110D6782D78AC5A007B4254 /* Sources */,
				6110D6792D78AC5A007B4254 /* Frameworks */,
				6110D67A2D78AC5A007B4254 /* Resources */,
			);
			buildRules = (
			);
			dependencies = (
			);
			name = Foodie;
			packageProductDependencies = (
				6110D6992D78C2DC007B4254 /* FirebaseAuth */,
				6110D69B2D78C2DC007B4254 /* FirebaseFirestore */,
				6110D69D2D78C2DC007B4254 /* FirebaseStorage */,
			);
			productName = Foodie;
			productReference = 6110D67C2D78AC5A007B4254 /* Foodie.app */;
			productType = "com.apple.product-type.application";
		};
/* End PBXNativeTarget section */

/* Begin PBXProject section */
		6110D6742D78AC5A007B4254 /* Project object */ = {
			isa = PBXProject;
			attributes = {
				BuildIndependentTargetsInParallel = 1;
				LastSwiftUpdateCheck = 1620;
				LastUpgradeCheck = 1620;
				TargetAttributes = {
					6110D67B2D78AC5A007B4254 = {
						CreatedOnToolsVersion = 16.2;
					};
				};
			};
			buildConfigurationList = 6110D6772D78AC5A007B4254 /* Build configuration list for PBXProject "Foodie" */;
			developmentRegion = en;
			hasScannedForEncodings = 0;
			knownRegions = (
				en,
				Base,
			);
			mainGroup = 6110D6732D78AC5A007B4254;
			minimizedProjectReferenceProxies = 1;
			packageReferences = (
				6110D6982D78C2DC007B4254 /* XCRemoteSwiftPackageReference "firebase-ios-sdk" */,
			);
			preferredProjectObjectVersion = 77;
			productRefGroup = 6110D67D2D78AC5A007B4254 /* Products */;
			projectDirPath = "";
			projectRoot = "";
			targets = (
				6110D67B2D78AC5A007B4254 /* Foodie */,
			);
		};
/* End PBXProject section */

/* Begin PBXResourcesBuildPhase section */
		6110D67A2D78AC5A007B4254 /* Resources */ = {
			isa = PBXResourcesBuildPhase;
			buildActionMask = 2147483647;
			files = (
				6110D6952D78ACB5007B4254 /* Preview Assets.xcassets in Resources */,
				6110D6962D78ACB5007B4254 /* Assets.xcassets in Resources */,
				6110D6A02D78C34A007B4254 /* GoogleService-Info.plist in Resources */,
			);
			runOnlyForDeploymentPostprocessing = 0;
		};
/* End PBXResourcesBuildPhase section */

/* Begin PBXSourcesBuildPhase section */
		6110D6782D78AC5A007B4254 /* Sources */ = {
			isa = PBXSourcesBuildPhase;
			buildActionMask = 2147483647;
			files = (
				6110D6932D78ACB5007B4254 /* LoginView.swift in Sources */,
				610C3A842D7BB85500085DB6 /* Spot.swift in Sources */,
				610C3A882D7BC83B00085DB6 /* AuxViews.swift in Sources */,
				6127F33F2D81D41E00A98886 /* PhotoView.swift in Sources */,
				6110D6942D78ACB5007B4254 /* FoodieApp.swift in Sources */,
				610C3A822D7B40D900085DB6 /* ListView.swift in Sources */,
				619988532D7BF87D00E03E6F /* SpotViewModel.swift in Sources */,
				610C3A862D7BC6CD00085DB6 /* SpotDetailView.swift in Sources */,
				6169C5BC2D792FEF003E948F /* LaunchScreenManager.swift in Sources */,
				6169C5BA2D7924F0003E948F /* LaunchScreenView.swift in Sources */,
			);
			runOnlyForDeploymentPostprocessing = 0;
		};
/* End PBXSourcesBuildPhase section */

/* Begin XCBuildConfiguration section */
		6110D6882D78AC5D007B4254 /* Debug */ = {
			isa = XCBuildConfiguration;
			buildSettings = {
				ALWAYS_SEARCH_USER_PATHS = NO;
				ASSETCATALOG_COMPILER_GENERATE_SWIFT_ASSET_SYMBOL_EXTENSIONS = YES;
				CLANG_ANALYZER_NONNULL = YES;
				CLANG_ANALYZER_NUMBER_OBJECT_CONVERSION = YES_AGGRESSIVE;
				CLANG_CXX_LANGUAGE_STANDARD = "gnu++20";
				CLANG_ENABLE_MODULES = YES;
				CLANG_ENABLE_OBJC_ARC = YES;
				CLANG_ENABLE_OBJC_WEAK = YES;
				CLANG_WARN_BLOCK_CAPTURE_AUTORELEASING = YES;
				CLANG_WARN_BOOL_CONVERSION = YES;
				CLANG_WARN_COMMA = YES;
				CLANG_WARN_CONSTANT_CONVERSION = YES;
				CLANG_WARN_DEPRECATED_OBJC_IMPLEMENTATIONS = YES;
				CLANG_WARN_DIRECT_OBJC_ISA_USAGE = YES_ERROR;
				CLANG_WARN_DOCUMENTATION_COMMENTS = YES;
				CLANG_WARN_EMPTY_BODY = YES;
				CLANG_WARN_ENUM_CONVERSION = YES;
				CLANG_WARN_INFINITE_RECURSION = YES;
				CLANG_WARN_INT_CONVERSION = YES;
				CLANG_WARN_NON_LITERAL_NULL_CONVERSION = YES;
				CLANG_WARN_OBJC_IMPLICIT_RETAIN_SELF = YES;
				CLANG_WARN_OBJC_LITERAL_CONVERSION = YES;
				CLANG_WARN_OBJC_ROOT_CLASS = YES_ERROR;
				CLANG_WARN_QUOTED_INCLUDE_IN_FRAMEWORK_HEADER = YES;
				CLANG_WARN_RANGE_LOOP_ANALYSIS = YES;
				CLANG_WARN_STRICT_PROTOTYPES = YES;
				CLANG_WARN_SUSPICIOUS_MOVE = YES;
				CLANG_WARN_UNGUARDED_AVAILABILITY = YES_AGGRESSIVE;
				CLANG_WARN_UNREACHABLE_CODE = YES;
				CLANG_WARN__DUPLICATE_METHOD_MATCH = YES;
				COPY_PHASE_STRIP = NO;
				DEBUG_INFORMATION_FORMAT = dwarf;
				ENABLE_STRICT_OBJC_MSGSEND = YES;
				ENABLE_TESTABILITY = YES;
				ENABLE_USER_SCRIPT_SANDBOXING = YES;
				GCC_C_LANGUAGE_STANDARD = gnu17;
				GCC_DYNAMIC_NO_PIC = NO;
				GCC_NO_COMMON_BLOCKS = YES;
				GCC_OPTIMIZATION_LEVEL = 0;
				GCC_PREPROCESSOR_DEFINITIONS = (
					"DEBUG=1",
					"$(inherited)",
				);
				GCC_WARN_64_TO_32_BIT_CONVERSION = YES;
				GCC_WARN_ABOUT_RETURN_TYPE = YES_ERROR;
				GCC_WARN_UNDECLARED_SELECTOR = YES;
				GCC_WARN_UNINITIALIZED_AUTOS = YES_AGGRESSIVE;
				GCC_WARN_UNUSED_FUNCTION = YES;
				GCC_WARN_UNUSED_VARIABLE = YES;
				IPHONEOS_DEPLOYMENT_TARGET = 18.2;
				LOCALIZATION_PREFERS_STRING_CATALOGS = YES;
				MTL_ENABLE_DEBUG_INFO = INCLUDE_SOURCE;
				MTL_FAST_MATH = YES;
				ONLY_ACTIVE_ARCH = YES;
				SDKROOT = iphoneos;
				SWIFT_ACTIVE_COMPILATION_CONDITIONS = "DEBUG $(inherited)";
				SWIFT_OPTIMIZATION_LEVEL = "-Onone";
			};
			name = Debug;
		};
		6110D6892D78AC5D007B4254 /* Release */ = {
			isa = XCBuildConfiguration;
			buildSettings = {
				ALWAYS_SEARCH_USER_PATHS = NO;
				ASSETCATALOG_COMPILER_GENERATE_SWIFT_ASSET_SYMBOL_EXTENSIONS = YES;
				CLANG_ANALYZER_NONNULL = YES;
				CLANG_ANALYZER_NUMBER_OBJECT_CONVERSION = YES_AGGRESSIVE;
				CLANG_CXX_LANGUAGE_STANDARD = "gnu++20";
				CLANG_ENABLE_MODULES = YES;
				CLANG_ENABLE_OBJC_ARC = YES;
				CLANG_ENABLE_OBJC_WEAK = YES;
				CLANG_WARN_BLOCK_CAPTURE_AUTORELEASING = YES;
				CLANG_WARN_BOOL_CONVERSION = YES;
				CLANG_WARN_COMMA = YES;
				CLANG_WARN_CONSTANT_CONVERSION = YES;
				CLANG_WARN_DEPRECATED_OBJC_IMPLEMENTATIONS = YES;
				CLANG_WARN_DIRECT_OBJC_ISA_USAGE = YES_ERROR;
				CLANG_WARN_DOCUMENTATION_COMMENTS = YES;
				CLANG_WARN_EMPTY_BODY = YES;
				CLANG_WARN_ENUM_CONVERSION = YES;
				CLANG_WARN_INFINITE_RECURSION = YES;
				CLANG_WARN_INT_CONVERSION = YES;
				CLANG_WARN_NON_LITERAL_NULL_CONVERSION = YES;
				CLANG_WARN_OBJC_IMPLICIT_RETAIN_SELF = YES;
				CLANG_WARN_OBJC_LITERAL_CONVERSION = YES;
				CLANG_WARN_OBJC_ROOT_CLASS = YES_ERROR;
				CLANG_WARN_QUOTED_INCLUDE_IN_FRAMEWORK_HEADER = YES;
				CLANG_WARN_RANGE_LOOP_ANALYSIS = YES;
				CLANG_WARN_STRICT_PROTOTYPES = YES;
				CLANG_WARN_SUSPICIOUS_MOVE = YES;
				CLANG_WARN_UNGUARDED_AVAILABILITY = YES_AGGRESSIVE;
				CLANG_WARN_UNREACHABLE_CODE = YES;
				CLANG_WARN__DUPLICATE_METHOD_MATCH = YES;
				COPY_PHASE_STRIP = NO;
				DEBUG_INFORMATION_FORMAT = "dwarf-with-dsym";
				ENABLE_NS_ASSERTIONS = NO;
				ENABLE_STRICT_OBJC_MSGSEND = YES;
				ENABLE_USER_SCRIPT_SANDBOXING = YES;
				GCC_C_LANGUAGE_STANDARD = gnu17;
				GCC_NO_COMMON_BLOCKS = YES;
				GCC_WARN_64_TO_32_BIT_CONVERSION = YES;
				GCC_WARN_ABOUT_RETURN_TYPE = YES_ERROR;
				GCC_WARN_UNDECLARED_SELECTOR = YES;
				GCC_WARN_UNINITIALIZED_AUTOS = YES_AGGRESSIVE;
				GCC_WARN_UNUSED_FUNCTION = YES;
				GCC_WARN_UNUSED_VARIABLE = YES;
				IPHONEOS_DEPLOYMENT_TARGET = 18.2;
				LOCALIZATION_PREFERS_STRING_CATALOGS = YES;
				MTL_ENABLE_DEBUG_INFO = NO;
				MTL_FAST_MATH = YES;
				SDKROOT = iphoneos;
				SWIFT_COMPILATION_MODE = wholemodule;
				VALIDATE_PRODUCT = YES;
			};
			name = Release;
		};
		6110D68B2D78AC5D007B4254 /* Debug */ = {
			isa = XCBuildConfiguration;
			buildSettings = {
				ASSETCATALOG_COMPILER_APPICON_NAME = AppIcon;
				ASSETCATALOG_COMPILER_GLOBAL_ACCENT_COLOR_NAME = AccentColor;
				CODE_SIGN_STYLE = Automatic;
				CURRENT_PROJECT_VERSION = 1;
				DEVELOPMENT_ASSET_PATHS = "\"Foodie/Preview Content\"";
				DEVELOPMENT_TEAM = 4FXJ5W7FM5;
				ENABLE_PREVIEWS = YES;
				GENERATE_INFOPLIST_FILE = YES;
				INFOPLIST_FILE = Foodie/Info.plist;
				INFOPLIST_KEY_UIApplicationSceneManifest_Generation = YES;
				INFOPLIST_KEY_UIApplicationSupportsIndirectInputEvents = YES;
				INFOPLIST_KEY_UISupportedInterfaceOrientations_iPad = "UIInterfaceOrientationPortrait UIInterfaceOrientationPortraitUpsideDown UIInterfaceOrientationLandscapeLeft UIInterfaceOrientationLandscapeRight";
				INFOPLIST_KEY_UISupportedInterfaceOrientations_iPhone = "UIInterfaceOrientationPortrait UIInterfaceOrientationLandscapeLeft UIInterfaceOrientationLandscapeRight";
				LD_RUNPATH_SEARCH_PATHS = (
					"$(inherited)",
					"@executable_path/Frameworks",
				);
				MARKETING_VERSION = 1.0;
				PRODUCT_BUNDLE_IDENTIFIER = com.iManzi.Foodie;
				PRODUCT_NAME = "$(TARGET_NAME)";
				SWIFT_EMIT_LOC_STRINGS = YES;
				SWIFT_VERSION = 5.0;
				TARGETED_DEVICE_FAMILY = "1,2";
			};
			name = Debug;
		};
		6110D68C2D78AC5D007B4254 /* Release */ = {
			isa = XCBuildConfiguration;
			buildSettings = {
				ASSETCATALOG_COMPILER_APPICON_NAME = AppIcon;
				ASSETCATALOG_COMPILER_GLOBAL_ACCENT_COLOR_NAME = AccentColor;
				CODE_SIGN_STYLE = Automatic;
				CURRENT_PROJECT_VERSION = 1;
				DEVELOPMENT_ASSET_PATHS = "\"Foodie/Preview Content\"";
				DEVELOPMENT_TEAM = 4FXJ5W7FM5;
				ENABLE_PREVIEWS = YES;
				GENERATE_INFOPLIST_FILE = YES;
				INFOPLIST_FILE = Foodie/Info.plist;
				INFOPLIST_KEY_UIApplicationSceneManifest_Generation = YES;
				INFOPLIST_KEY_UIApplicationSupportsIndirectInputEvents = YES;
				INFOPLIST_KEY_UISupportedInterfaceOrientations_iPad = "UIInterfaceOrientationPortrait UIInterfaceOrientationPortraitUpsideDown UIInterfaceOrientationLandscapeLeft UIInterfaceOrientationLandscapeRight";
				INFOPLIST_KEY_UISupportedInterfaceOrientations_iPhone = "UIInterfaceOrientationPortrait UIInterfaceOrientationLandscapeLeft UIInterfaceOrientationLandscapeRight";
				LD_RUNPATH_SEARCH_PATHS = (
					"$(inherited)",
					"@executable_path/Frameworks",
				);
				MARKETING_VERSION = 1.0;
				PRODUCT_BUNDLE_IDENTIFIER = com.iManzi.Foodie;
				PRODUCT_NAME = "$(TARGET_NAME)";
				SWIFT_EMIT_LOC_STRINGS = YES;
				SWIFT_VERSION = 5.0;
				TARGETED_DEVICE_FAMILY = "1,2";
			};
			name = Release;
		};
/* End XCBuildConfiguration section */

/* Begin XCConfigurationList section */
		6110D6772D78AC5A007B4254 /* Build configuration list for PBXProject "Foodie" */ = {
			isa = XCConfigurationList;
			buildConfigurations = (
				6110D6882D78AC5D007B4254 /* Debug */,
				6110D6892D78AC5D007B4254 /* Release */,
			);
			defaultConfigurationIsVisible = 0;
			defaultConfigurationName = Release;
		};
		6110D68A2D78AC5D007B4254 /* Build configuration list for PBXNativeTarget "Foodie" */ = {
			isa = XCConfigurationList;
			buildConfigurations = (
				6110D68B2D78AC5D007B4254 /* Debug */,
				6110D68C2D78AC5D007B4254 /* Release */,
			);
			defaultConfigurationIsVisible = 0;
			defaultConfigurationName = Release;
		};
/* End XCConfigurationList section */

/* Begin XCRemoteSwiftPackageReference section */
		6110D6982D78C2DC007B4254 /* XCRemoteSwiftPackageReference "firebase-ios-sdk" */ = {
			isa = XCRemoteSwiftPackageReference;
			repositoryURL = "https://github.com/firebase/firebase-ios-sdk.git";
			requirement = {
				kind = upToNextMajorVersion;
				minimumVersion = 11.9.0;
			};
		};
/* End XCRemoteSwiftPackageReference section */

/* Begin XCSwiftPackageProductDependency section */
		6110D6992D78C2DC007B4254 /* FirebaseAuth */ = {
			isa = XCSwiftPackageProductDependency;
			package = 6110D6982D78C2DC007B4254 /* XCRemoteSwiftPackageReference "firebase-ios-sdk" */;
			productName = FirebaseAuth;
		};
		6110D69B2D78C2DC007B4254 /* FirebaseFirestore */ = {
			isa = XCSwiftPackageProductDependency;
			package = 6110D6982D78C2DC007B4254 /* XCRemoteSwiftPackageReference "firebase-ios-sdk" */;
			productName = FirebaseFirestore;
		};
		6110D69D2D78C2DC007B4254 /* FirebaseStorage */ = {
			isa = XCSwiftPackageProductDependency;
			package = 6110D6982D78C2DC007B4254 /* XCRemoteSwiftPackageReference "firebase-ios-sdk" */;
			productName = FirebaseStorage;
		};
/* End XCSwiftPackageProductDependency section */
	};
	rootObject = 6110D6742D78AC5A007B4254 /* Project object */;
}
